
Microsoft Visual Studio Solution File, Format Version 12.00
# Visual Studio Version 17
VisualStudioVersion = 17.7.34024.191
MinimumVisualStudioVersion = 10.0.40219.1
Project("{9A19103F-16F7-4668-BE54-9A1E7A4F7556}") = "QAautoCNNProject", "QAautoCNNProject\QAautoCNNProject.csproj", "{B72E4185-342B-4E26-A704-B77EBD6F3125}"
EndProject
Project("{FAE04EC0-301F-11D3-BF4B-00C04F79EFBC}") = "CNNNewsPortalTest", "CNNNewsPortalTest\CNNNewsPortalTest.csproj", "{0C23AD9B-3E74-4B2B-B751-A3E5B2827586}"
EndProject
Global
	GlobalSection(SolutionConfigurationPlatforms) = preSolution
		Debug|Any CPU = Debug|Any CPU
		Release|Any CPU = Release|Any CPU
	EndGlobalSection
	GlobalSection(ProjectConfigurationPlatforms) = postSolution
		{B72E4185-342B-4E26-A704-B77EBD6F3125}.Debug|Any CPU.ActiveCfg = Debug|Any CPU
		{B72E4185-342B-4E26-A704-B77EBD6F3125}.Debug|Any CPU.Build.0 = Debug|Any CPU
		{B72E4185-342B-4E26-A704-B77EBD6F3125}.Release|Any CPU.ActiveCfg = Release|Any CPU
		{B72E4185-342B-4E26-A704-B77EBD6F3125}.Release|Any CPU.Build.0 = Release|Any CPU
		{0C23AD9B-3E74-4B2B-B751-A3E5B2827586}.Debug|Any CPU.ActiveCfg = Debug|Any CPU
		{0C23AD9B-3E74-4B2B-B751-A3E5B2827586}.Debug|Any CPU.Build.0 = Debug|Any CPU
		{0C23AD9B-3E74-4B2B-B751-A3E5B2827586}.Release|Any CPU.ActiveCfg = Release|Any CPU
		{0C23AD9B-3E74-4B2B-B751-A3E5B2827586}.Release|Any CPU.Build.0 = Release|Any CPU
	EndGlobalSection
	GlobalSection(SolutionProperties) = preSolution
		HideSolutionNode = FALSE
	EndGlobalSection
	GlobalSection(ExtensibilityGlobals) = postSolution
		SolutionGuid = {AAD34CE7-959C-45C1-AB19-57A0BA27FBEA}
	EndGlobalSection
EndGlobal
